
Microsoft Visual Studio Solution File, Format Version 12.00
# Visual Studio Version 17
VisualStudioVersion = 17.8.34511.84
MinimumVisualStudioVersion = 10.0.40219.1
Project("{9A19103F-16F7-4668-BE54-9A1E7A4F7556}") = "RestfulApi", "RestfulApi\RestfulApi.csproj", "{59C506C6-B0DF-4362-83EC-7FC2EC27DC94}"
EndProject
Project("{9A19103F-16F7-4668-BE54-9A1E7A4F7556}") = "RestfulApi.EntityLayer", "RestfulApi.EntityLayer\RestfulApi.EntityLayer.csproj", "{0F807F95-5A1A-49D7-8EE8-1C75B903CDA1}"
EndProject
Project("{9A19103F-16F7-4668-BE54-9A1E7A4F7556}") = "RestfulApi.DataAccessLayer", "RestfulApi.DataAccessLayer\RestfulApi.DataAccessLayer.csproj", "{6C550876-00DB-4D2D-AD44-3FC427D04224}"
EndProject
Project("{9A19103F-16F7-4668-BE54-9A1E7A4F7556}") = "RestfulApi.BusinessLayer", "RestfulApi.BusinessLayer\RestfulApi.BusinessLayer.csproj", "{87180D01-8A22-4DE7-A5A6-6CD89636835F}"
EndProject
Project("{FAE04EC0-301F-11D3-BF4B-00C04F79EFBC}") = "RestfulApi.DtoLayer", "RestfulApi.DtoLayer\RestfulApi.DtoLayer.csproj", "{4A58181A-6E13-48A8-81AD-05E6116C7A21}"
EndProject
Global
	GlobalSection(SolutionConfigurationPlatforms) = preSolution
		Debug|Any CPU = Debug|Any CPU
		Release|Any CPU = Release|Any CPU
	EndGlobalSection
	GlobalSection(ProjectConfigurationPlatforms) = postSolution
		{59C506C6-B0DF-4362-83EC-7FC2EC27DC94}.Debug|Any CPU.ActiveCfg = Debug|Any CPU
		{59C506C6-B0DF-4362-83EC-7FC2EC27DC94}.Debug|Any CPU.Build.0 = Debug|Any CPU
		{59C506C6-B0DF-4362-83EC-7FC2EC27DC94}.Release|Any CPU.ActiveCfg = Release|Any CPU
		{59C506C6-B0DF-4362-83EC-7FC2EC27DC94}.Release|Any CPU.Build.0 = Release|Any CPU
		{0F807F95-5A1A-49D7-8EE8-1C75B903CDA1}.Debug|Any CPU.ActiveCfg = Debug|Any CPU
		{0F807F95-5A1A-49D7-8EE8-1C75B903CDA1}.Debug|Any CPU.Build.0 = Debug|Any CPU
		{0F807F95-5A1A-49D7-8EE8-1C75B903CDA1}.Release|Any CPU.ActiveCfg = Release|Any CPU
		{0F807F95-5A1A-49D7-8EE8-1C75B903CDA1}.Release|Any CPU.Build.0 = Release|Any CPU
		{6C550876-00DB-4D2D-AD44-3FC427D04224}.Debug|Any CPU.ActiveCfg = Debug|Any CPU
		{6C550876-00DB-4D2D-AD44-3FC427D04224}.Debug|Any CPU.Build.0 = Debug|Any CPU
		{6C550876-00DB-4D2D-AD44-3FC427D04224}.Release|Any CPU.ActiveCfg = Release|Any CPU
		{6C550876-00DB-4D2D-AD44-3FC427D04224}.Release|Any CPU.Build.0 = Release|Any CPU
		{87180D01-8A22-4DE7-A5A6-6CD89636835F}.Debug|Any CPU.ActiveCfg = Debug|Any CPU
		{87180D01-8A22-4DE7-A5A6-6CD89636835F}.Debug|Any CPU.Build.0 = Debug|Any CPU
		{87180D01-8A22-4DE7-A5A6-6CD89636835F}.Release|Any CPU.ActiveCfg = Release|Any CPU
		{87180D01-8A22-4DE7-A5A6-6CD89636835F}.Release|Any CPU.Build.0 = Release|Any CPU
		{4A58181A-6E13-48A8-81AD-05E6116C7A21}.Debug|Any CPU.ActiveCfg = Debug|Any CPU
		{4A58181A-6E13-48A8-81AD-05E6116C7A21}.Debug|Any CPU.Build.0 = Debug|Any CPU
		{4A58181A-6E13-48A8-81AD-05E6116C7A21}.Release|Any CPU.ActiveCfg = Release|Any CPU
		{4A58181A-6E13-48A8-81AD-05E6116C7A21}.Release|Any CPU.Build.0 = Release|Any CPU
	EndGlobalSection
	GlobalSection(SolutionProperties) = preSolution
		HideSolutionNode = FALSE
	EndGlobalSection
	GlobalSection(ExtensibilityGlobals) = postSolution
		SolutionGuid = {0A8BA434-BA33-4669-9B6E-68A8AC274389}
	EndGlobalSection
EndGlobal
